<?xml version="1.0" encoding="utf-8"?>
<Project ToolsVersion="4.0" xmlns="http://schemas.microsoft.com/developer/msbuild/2003">
  <ItemGroup>
    <Filter Include="Source Files">
      <UniqueIdentifier>{4FC737F1-C7A5-4376-A066-2A32D752A2FF}</UniqueIdentifier>
      <Extensions>cpp;c;cc;cxx;def;odl;idl;hpj;bat;asm;asmx</Extensions>
    </Filter>
    <Filter Include="Header Files">
      <UniqueIdentifier>{93995380-89BD-4b04-88EB-625FBE52EBFB}</UniqueIdentifier>
      <Extensions>h;hh;hpp;hxx;hm;inl;inc;xsd</Extensions>
    </Filter>
    <Filter Include="Resource Files">
      <UniqueIdentifier>{67DA6AB6-F800-4c08-8B7A-83BB121AAD01}</UniqueIdentifier>
      <Extensions>rc;ico;cur;bmp;dlg;rc2;rct;bin;rgs;gif;jpg;jpeg;jpe;resx;tiff;tif;png;wav;mfcribbon-ms</Extensions>
    </Filter>
  </ItemGroup>
  <ItemGroup>
    <ClCompile Include="main.cpp">
      <Filter>Source Files</Filter>
    </ClCompile>
    <ClCompile Include="Parser\Parser.cpp">
      <Filter>Source Files</Filter>
    </ClCompile>
    <ClCompile Include="Lexer\Lexer.cpp">
      <Filter>Source Files</Filter>
    </ClCompile>
    <ClCompile Include="Compiler\DemiurgeCompiler.cpp">
      <Filter>Source Files</Filter>
    </ClCompile>
    <ClCompile Include="CodeGenerator\CodeGenerator.cpp">
      <Filter>Source Files</Filter>
    </ClCompile>
    <ClCompile Include="CodeGenerator\CodeGeneratorHelpers.cpp">
      <Filter>Source Files</Filter>
    </ClCompile>
    <ClCompile Include="AstNodes\AstBinaryOperatorExpr.cpp">
      <Filter>Source Files</Filter>
    </ClCompile>
    <ClCompile Include="AstNodes\AstBooleanNode.cpp">
      <Filter>Source Files</Filter>
    </ClCompile>
    <ClCompile Include="AstNodes\AstCallExpr.cpp">
      <Filter>Source Files</Filter>
    </ClCompile>
    <ClCompile Include="AstNodes\AstDoubleNode.cpp">
      <Filter>Source Files</Filter>
    </ClCompile>
    <ClCompile Include="AstNodes\AstIfElseExpr.cpp">
      <Filter>Source Files</Filter>
    </ClCompile>
    <ClCompile Include="AstNodes\AstIntegerNode.cpp">
      <Filter>Source Files</Filter>
    </ClCompile>
    <ClCompile Include="AstNodes\AstReturnExpr.cpp">
      <Filter>Source Files</Filter>
    </ClCompile>
    <ClCompile Include="AstNodes\AstStringNode.cpp">
      <Filter>Source Files</Filter>
    </ClCompile>
    <ClCompile Include="AstNodes\AstTopLevelExpr.cpp">
      <Filter>Source Files</Filter>
    </ClCompile>
    <ClCompile Include="AstNodes\AstTypeNode.cpp">
      <Filter>Source Files</Filter>
    </ClCompile>
    <ClCompile Include="AstNodes\AstVarExpr.cpp">
      <Filter>Source Files</Filter>
    </ClCompile>
    <ClCompile Include="AstNodes\AstVariableNode.cpp">
      <Filter>Source Files</Filter>
    </ClCompile>
    <ClCompile Include="AstNodes\AstWhileExpr.cpp">
      <Filter>Source Files</Filter>
    </ClCompile>
    <ClCompile Include="AstNodes\FunctionAst.cpp">
      <Filter>Source Files</Filter>
    </ClCompile>
    <ClCompile Include="AstNodes\PrototypeAst.cpp">
      <Filter>Source Files</Filter>
    </ClCompile>
    <ClCompile Include="AstNodes\AstUnaryOperatorExpr.cpp">
      <Filter>Source Files</Filter>
    </ClCompile>
    <ClCompile Include="AstNodes\AstForExpr.cpp">
      <Filter>Source Files</Filter>
    </ClCompile>
  </ItemGroup>
  <ItemGroup>
    <ClInclude Include="LibComments.h">
      <Filter>Header Files</Filter>
    </ClInclude>
    <ClInclude Include="DEFINES.h">
      <Filter>Header Files</Filter>
    </ClInclude>
    <ClInclude Include="DemiurgeJitOutputFunctions.h">
      <Filter>Header Files</Filter>
    </ClInclude>
    <ClInclude Include="Parser\Parser.h">
      <Filter>Header Files</Filter>
    </ClInclude>
    <ClInclude Include="Lexer\Lexer.h">
      <Filter>Header Files</Filter>
    </ClInclude>
    <ClInclude Include="Lexer\PossiblePosition.h">
      <Filter>Header Files</Filter>
    </ClInclude>
    <ClInclude Include="Lexer\Token.h">
      <Filter>Header Files</Filter>
    </ClInclude>
    <ClInclude Include="Lexer\TokenTypes.h">
      <Filter>Header Files</Filter>
    </ClInclude>
    <ClInclude Include="Compiler\DemiurgeCompiler.h">
      <Filter>Header Files</Filter>
    </ClInclude>
    <ClInclude Include="Compiler\TreeContainer.h">
      <Filter>Header Files</Filter>
    </ClInclude>
    <ClInclude Include="AstNodes\AstNodeTypes.h">
      <Filter>Header Files</Filter>
    </ClInclude>
    <ClInclude Include="CodeGenerator\CodeGenerator.h">
      <Filter>Header Files</Filter>
    </ClInclude>
    <ClInclude Include="CodeGenerator\CodeGeneratorHelpers.h">
      <Filter>Header Files</Filter>
    </ClInclude>
    <ClInclude Include="AstNodes\IAstExpression.h">
      <Filter>Header Files</Filter>
    </ClInclude>
    <ClInclude Include="AstNodes\AstDoubleNode.h">
      <Filter>Header Files</Filter>
    </ClInclude>
    <ClInclude Include="AstNodes\AstIntegerNode.h">
      <Filter>Header Files</Filter>
    </ClInclude>
    <ClInclude Include="AstNodes\AstBooleanNode.h">
      <Filter>Header Files</Filter>
    </ClInclude>
    <ClInclude Include="AstNodes\AstStringNode.h">
      <Filter>Header Files</Filter>
    </ClInclude>
    <ClInclude Include="AstNodes\AstBinaryOperatorExpr.h">
      <Filter>Header Files</Filter>
    </ClInclude>
    <ClInclude Include="AstNodes\AstReturnExpr.h">
      <Filter>Header Files</Filter>
    </ClInclude>
    <ClInclude Include="AstNodes\AstIfElseExpr.h">
      <Filter>Header Files</Filter>
    </ClInclude>
    <ClInclude Include="AstNodes\AstWhileExpr.h">
      <Filter>Header Files</Filter>
    </ClInclude>
    <ClInclude Include="AstNodes\AstCallExpr.h">
      <Filter>Header Files</Filter>
    </ClInclude>
    <ClInclude Include="AstNodes\AstTypeNode.h">
      <Filter>Header Files</Filter>
    </ClInclude>
    <ClInclude Include="AstNodes\AstVariableNode.h">
      <Filter>Header Files</Filter>
    </ClInclude>
    <ClInclude Include="AstNodes\AstVarExpr.h">
      <Filter>Header Files</Filter>
    </ClInclude>
    <ClInclude Include="AstNodes\AstTopLevelExpr.h">
      <Filter>Header Files</Filter>
    </ClInclude>
    <ClInclude Include="AstNodes\PrototypeAst.h">
      <Filter>Header Files</Filter>
    </ClInclude>
    <ClInclude Include="AstNodes\FunctionAst.h">
      <Filter>Header Files</Filter>
    </ClInclude>
    <ClInclude Include="AstNodes\AST_DEPENDENCIES.h">
      <Filter>Header Files</Filter>
    </ClInclude>
    <ClInclude Include="Typedefs.h">
      <Filter>Header Files</Filter>
    </ClInclude>
    <ClInclude Include="AstNodes\AstUnaryOperatorExpr.h">
      <Filter>Header Files</Filter>
    </ClInclude>
    <ClInclude Include="AstNodes\AstForExpr.h">
      <Filter>Header Files</Filter>
    </ClInclude>
  </ItemGroup>
</Project>